
Microsoft Visual Studio Solution File, Format Version 12.00
# Visual Studio 14
VisualStudioVersion = 14.0.23107.0
MinimumVisualStudioVersion = 10.0.40219.1
Project("{FAE04EC0-301F-11D3-BF4B-00C04F79EFBC}") = "Bookstore.WebUI", "Bookstore.WebUI\Bookstore.WebUI.csproj", "{90A3519C-D3A3-4105-AED9-FE29A5F7262A}"
EndProject
Project("{FAE04EC0-301F-11D3-BF4B-00C04F79EFBC}") = "Bookstore.Domain", "Bookstore.Domain\Bookstore.Domain.csproj", "{CFB6B2A2-66C4-4996-9625-174851AA5663}"
EndProject
Project("{FAE04EC0-301F-11D3-BF4B-00C04F79EFBC}") = "Bookstore.UnitTest", "Bookstore.UnitTest\Bookstore.UnitTest.csproj", "{5673D5B5-B10A-4F81-B45B-4D100D60B768}"
EndProject
Global
	GlobalSection(SolutionConfigurationPlatforms) = preSolution
		Debug|Any CPU = Debug|Any CPU
		Release|Any CPU = Release|Any CPU
	EndGlobalSection
	GlobalSection(ProjectConfigurationPlatforms) = postSolution
		{90A3519C-D3A3-4105-AED9-FE29A5F7262A}.Debug|Any CPU.ActiveCfg = Debug|Any CPU
		{90A3519C-D3A3-4105-AED9-FE29A5F7262A}.Debug|Any CPU.Build.0 = Debug|Any CPU
		{90A3519C-D3A3-4105-AED9-FE29A5F7262A}.Release|Any CPU.ActiveCfg = Release|Any CPU
		{90A3519C-D3A3-4105-AED9-FE29A5F7262A}.Release|Any CPU.Build.0 = Release|Any CPU
		{CFB6B2A2-66C4-4996-9625-174851AA5663}.Debug|Any CPU.ActiveCfg = Debug|Any CPU
		{CFB6B2A2-66C4-4996-9625-174851AA5663}.Debug|Any CPU.Build.0 = Debug|Any CPU
		{CFB6B2A2-66C4-4996-9625-174851AA5663}.Release|Any CPU.ActiveCfg = Release|Any CPU
		{CFB6B2A2-66C4-4996-9625-174851AA5663}.Release|Any CPU.Build.0 = Release|Any CPU
		{5673D5B5-B10A-4F81-B45B-4D100D60B768}.Debug|Any CPU.ActiveCfg = Debug|Any CPU
		{5673D5B5-B10A-4F81-B45B-4D100D60B768}.Debug|Any CPU.Build.0 = Debug|Any CPU
		{5673D5B5-B10A-4F81-B45B-4D100D60B768}.Release|Any CPU.ActiveCfg = Release|Any CPU
		{5673D5B5-B10A-4F81-B45B-4D100D60B768}.Release|Any CPU.Build.0 = Release|Any CPU
	EndGlobalSection
	GlobalSection(SolutionProperties) = preSolution
		HideSolutionNode = FALSE
	EndGlobalSection
EndGlobal
